
Microsoft Visual Studio Solution File, Format Version 12.00
Project("{FAE04EC0-301F-11D3-BF4B-00C04F79EFBC}") = "zForceProxyCSharp", "zForceProxyCSharp\zForceProxyCSharp.csproj", "{F6CC9D46-96E1-487B-8589-2758FB3C3EDE}"
EndProject
Project("{FAE04EC0-301F-11D3-BF4B-00C04F79EFBC}") = "zForceProxyCSharp.CLI", "zForceProxyCSharp.CLI\zForceProxyCSharp.CLI.csproj", "{26F95AF0-995E-451D-A05D-035B57BBE55B}"
EndProject
Global
	GlobalSection(SolutionConfigurationPlatforms) = preSolution
		Debug|Any CPU = Debug|Any CPU
		Release|Any CPU = Release|Any CPU
	EndGlobalSection
	GlobalSection(ProjectConfigurationPlatforms) = postSolution
		{F6CC9D46-96E1-487B-8589-2758FB3C3EDE}.Debug|Any CPU.ActiveCfg = Debug|Any CPU
		{F6CC9D46-96E1-487B-8589-2758FB3C3EDE}.Debug|Any CPU.Build.0 = Debug|Any CPU
		{F6CC9D46-96E1-487B-8589-2758FB3C3EDE}.Release|Any CPU.ActiveCfg = Release|Any CPU
		{F6CC9D46-96E1-487B-8589-2758FB3C3EDE}.Release|Any CPU.Build.0 = Release|Any CPU
		{26F95AF0-995E-451D-A05D-035B57BBE55B}.Debug|Any CPU.ActiveCfg = Debug|Any CPU
		{26F95AF0-995E-451D-A05D-035B57BBE55B}.Debug|Any CPU.Build.0 = Debug|Any CPU
		{26F95AF0-995E-451D-A05D-035B57BBE55B}.Release|Any CPU.ActiveCfg = Release|Any CPU
		{26F95AF0-995E-451D-A05D-035B57BBE55B}.Release|Any CPU.Build.0 = Release|Any CPU
	EndGlobalSection
EndGlobal
